
Microsoft Visual Studio Solution File, Format Version 12.00
# Visual Studio Version 16
VisualStudioVersion = 16.0.30611.23
MinimumVisualStudioVersion = 10.0.40219.1
Project("{FAE04EC0-301F-11D3-BF4B-00C04F79EFBC}") = "dotNet5781_00_9047_4960", "dotNet5781_00_9047_4960\dotNet5781_00_9047_4960.csproj", "{3AFEFD3E-68DB-4826-9C71-AECC9588CD53}"
EndProject
Project("{FAE04EC0-301F-11D3-BF4B-00C04F79EFBC}") = "dotNet5781_01_9047_4960", "..\dotNet5781_01_9047_4960\dotNet5781_01_9047_4960.csproj", "{C0372BD1-7775-41CA-82F3-07DEFB098064}"
EndProject
Project("{FAE04EC0-301F-11D3-BF4B-00C04F79EFBC}") = "dotNet5781_02_9047_4960", "..\dotNet5781_02_9047_4960\dotNet5781_02_9047_4960.csproj", "{DBCEB20F-2A80-457E-BA35-76755080BD27}"
EndProject
Project("{FAE04EC0-301F-11D3-BF4B-00C04F79EFBC}") = "dotNet5781_03A_9047_4960", "..\dotNet5781_03A_9047_4960\dotNet5781_03A_9047_4960.csproj", "{E8448809-D705-4F67-AE33-E4B6D81CA2BA}"
EndProject
Project("{FAE04EC0-301F-11D3-BF4B-00C04F79EFBC}") = "dotNet5781_3B_9047_4960", "dotNet5781_3B_9047_4960\dotNet5781_3B_9047_4960.csproj", "{CA09B0E8-3486-40DC-A691-B6662353FFEC}"
EndProject
Project("{FAE04EC0-301F-11D3-BF4B-00C04F79EFBC}") = "BL", "BL\BL.csproj", "{5B61ADE8-24DE-4DEF-9B71-2B2D60B189BC}"
EndProject
Project("{FAE04EC0-301F-11D3-BF4B-00C04F79EFBC}") = "DS", "DS\DS.csproj", "{BB080C19-FE87-4555-A5F3-6C45476D2D89}"
EndProject
Project("{FAE04EC0-301F-11D3-BF4B-00C04F79EFBC}") = "DalObject", "DalObject\DalObject.csproj", "{A08BEB9F-89BA-40A7-BFA5-CDA5697F8A79}"
EndProject
Project("{FAE04EC0-301F-11D3-BF4B-00C04F79EFBC}") = "APIDL", "APIDL\APIDL.csproj", "{EA7E5E12-5A9E-4E41-9C03-A1DEE0CDFED8}"
EndProject
Project("{FAE04EC0-301F-11D3-BF4B-00C04F79EFBC}") = "UI", "UI\UI.csproj", "{65CD067A-FEB8-4D14-9950-B63C622D299C}"
EndProject
Global
	GlobalSection(SolutionConfigurationPlatforms) = preSolution
		Debug|Any CPU = Debug|Any CPU
		Release|Any CPU = Release|Any CPU
	EndGlobalSection
	GlobalSection(ProjectConfigurationPlatforms) = postSolution
		{3AFEFD3E-68DB-4826-9C71-AECC9588CD53}.Debug|Any CPU.ActiveCfg = Debug|Any CPU
		{3AFEFD3E-68DB-4826-9C71-AECC9588CD53}.Debug|Any CPU.Build.0 = Debug|Any CPU
		{3AFEFD3E-68DB-4826-9C71-AECC9588CD53}.Release|Any CPU.ActiveCfg = Release|Any CPU
		{3AFEFD3E-68DB-4826-9C71-AECC9588CD53}.Release|Any CPU.Build.0 = Release|Any CPU
		{C0372BD1-7775-41CA-82F3-07DEFB098064}.Debug|Any CPU.ActiveCfg = Debug|Any CPU
		{C0372BD1-7775-41CA-82F3-07DEFB098064}.Debug|Any CPU.Build.0 = Debug|Any CPU
		{C0372BD1-7775-41CA-82F3-07DEFB098064}.Release|Any CPU.ActiveCfg = Release|Any CPU
		{C0372BD1-7775-41CA-82F3-07DEFB098064}.Release|Any CPU.Build.0 = Release|Any CPU
		{DBCEB20F-2A80-457E-BA35-76755080BD27}.Debug|Any CPU.ActiveCfg = Debug|Any CPU
		{DBCEB20F-2A80-457E-BA35-76755080BD27}.Debug|Any CPU.Build.0 = Debug|Any CPU
		{DBCEB20F-2A80-457E-BA35-76755080BD27}.Release|Any CPU.ActiveCfg = Release|Any CPU
		{DBCEB20F-2A80-457E-BA35-76755080BD27}.Release|Any CPU.Build.0 = Release|Any CPU
		{E8448809-D705-4F67-AE33-E4B6D81CA2BA}.Debug|Any CPU.ActiveCfg = Debug|Any CPU
		{E8448809-D705-4F67-AE33-E4B6D81CA2BA}.Debug|Any CPU.Build.0 = Debug|Any CPU
		{E8448809-D705-4F67-AE33-E4B6D81CA2BA}.Release|Any CPU.ActiveCfg = Release|Any CPU
		{E8448809-D705-4F67-AE33-E4B6D81CA2BA}.Release|Any CPU.Build.0 = Release|Any CPU
		{CA09B0E8-3486-40DC-A691-B6662353FFEC}.Debug|Any CPU.ActiveCfg = Debug|Any CPU
		{CA09B0E8-3486-40DC-A691-B6662353FFEC}.Debug|Any CPU.Build.0 = Debug|Any CPU
		{CA09B0E8-3486-40DC-A691-B6662353FFEC}.Release|Any CPU.ActiveCfg = Release|Any CPU
		{CA09B0E8-3486-40DC-A691-B6662353FFEC}.Release|Any CPU.Build.0 = Release|Any CPU
		{5B61ADE8-24DE-4DEF-9B71-2B2D60B189BC}.Debug|Any CPU.ActiveCfg = Debug|Any CPU
		{5B61ADE8-24DE-4DEF-9B71-2B2D60B189BC}.Debug|Any CPU.Build.0 = Debug|Any CPU
		{5B61ADE8-24DE-4DEF-9B71-2B2D60B189BC}.Release|Any CPU.ActiveCfg = Release|Any CPU
		{5B61ADE8-24DE-4DEF-9B71-2B2D60B189BC}.Release|Any CPU.Build.0 = Release|Any CPU
		{BB080C19-FE87-4555-A5F3-6C45476D2D89}.Debug|Any CPU.ActiveCfg = Debug|Any CPU
		{BB080C19-FE87-4555-A5F3-6C45476D2D89}.Debug|Any CPU.Build.0 = Debug|Any CPU
		{BB080C19-FE87-4555-A5F3-6C45476D2D89}.Release|Any CPU.ActiveCfg = Release|Any CPU
		{BB080C19-FE87-4555-A5F3-6C45476D2D89}.Release|Any CPU.Build.0 = Release|Any CPU
		{A08BEB9F-89BA-40A7-BFA5-CDA5697F8A79}.Debug|Any CPU.ActiveCfg = Debug|Any CPU
		{A08BEB9F-89BA-40A7-BFA5-CDA5697F8A79}.Debug|Any CPU.Build.0 = Debug|Any CPU
		{A08BEB9F-89BA-40A7-BFA5-CDA5697F8A79}.Release|Any CPU.ActiveCfg = Release|Any CPU
		{A08BEB9F-89BA-40A7-BFA5-CDA5697F8A79}.Release|Any CPU.Build.0 = Release|Any CPU
		{EA7E5E12-5A9E-4E41-9C03-A1DEE0CDFED8}.Debug|Any CPU.ActiveCfg = Debug|Any CPU
		{EA7E5E12-5A9E-4E41-9C03-A1DEE0CDFED8}.Debug|Any CPU.Build.0 = Debug|Any CPU
		{EA7E5E12-5A9E-4E41-9C03-A1DEE0CDFED8}.Release|Any CPU.ActiveCfg = Release|Any CPU
		{EA7E5E12-5A9E-4E41-9C03-A1DEE0CDFED8}.Release|Any CPU.Build.0 = Release|Any CPU
		{65CD067A-FEB8-4D14-9950-B63C622D299C}.Debug|Any CPU.ActiveCfg = Debug|Any CPU
		{65CD067A-FEB8-4D14-9950-B63C622D299C}.Debug|Any CPU.Build.0 = Debug|Any CPU
		{65CD067A-FEB8-4D14-9950-B63C622D299C}.Release|Any CPU.ActiveCfg = Release|Any CPU
		{65CD067A-FEB8-4D14-9950-B63C622D299C}.Release|Any CPU.Build.0 = Release|Any CPU
	EndGlobalSection
	GlobalSection(SolutionProperties) = preSolution
		HideSolutionNode = FALSE
	EndGlobalSection
	GlobalSection(ExtensibilityGlobals) = postSolution
		SolutionGuid = {6DDFE4DD-B91A-40B0-9829-52B83353A918}
	EndGlobalSection
EndGlobal
