
Microsoft Visual Studio Solution File, Format Version 12.00
# Visual Studio Version 16
VisualStudioVersion = 16.0.30611.23
MinimumVisualStudioVersion = 10.0.40219.1
Project("{FAE04EC0-301F-11D3-BF4B-00C04F79EFBC}") = "dotNet5781_00_9047_4960", "dotNet5781_00_9047_4960\dotNet5781_00_9047_4960.csproj", "{3AFEFD3E-68DB-4826-9C71-AECC9588CD53}"
EndProject
Project("{FAE04EC0-301F-11D3-BF4B-00C04F79EFBC}") = "dotNet5781_01_9047_4960", "..\dotNet5781_01_9047_4960\dotNet5781_01_9047_4960.csproj", "{C0372BD1-7775-41CA-82F3-07DEFB098064}"
EndProject
Project("{FAE04EC0-301F-11D3-BF4B-00C04F79EFBC}") = "dotNet5781_02_9047_4960", "..\dotNet5781_02_9047_4960\dotNet5781_02_9047_4960.csproj", "{DBCEB20F-2A80-457E-BA35-76755080BD27}"
EndProject
Project("{FAE04EC0-301F-11D3-BF4B-00C04F79EFBC}") = "dotNet5781_03A_9047_4960", "..\dotNet5781_03A_9047_4960\dotNet5781_03A_9047_4960.csproj", "{E8448809-D705-4F67-AE33-E4B6D81CA2BA}"
EndProject
Project("{FAE04EC0-301F-11D3-BF4B-00C04F79EFBC}") = "dotNet5781_3B_9047_4960", "dotNet5781_3B_9047_4960\dotNet5781_3B_9047_4960.csproj", "{CA09B0E8-3486-40DC-A691-B6662353FFEC}"
EndProject
Project("{FAE04EC0-301F-11D3-BF4B-00C04F79EFBC}") = "UI", "..\UI\UI.csproj", "{017FFC65-E408-4728-81BC-227673802401}"
EndProject
Project("{FAE04EC0-301F-11D3-BF4B-00C04F79EFBC}") = "BL", "..\BL\BL.csproj", "{D677A770-BEA1-4472-94C8-D1C601F4D432}"
EndProject
Project("{FAE04EC0-301F-11D3-BF4B-00C04F79EFBC}") = "APIDL", "..\APIDL\APIDL.csproj", "{C45B11A0-76E1-4064-BAD6-43CA15B622DD}"
EndProject
Project("{FAE04EC0-301F-11D3-BF4B-00C04F79EFBC}") = "DS", "..\DS\DS.csproj", "{A62693FC-4BC5-4897-B35C-B4D4B917067A}"
EndProject
Project("{FAE04EC0-301F-11D3-BF4B-00C04F79EFBC}") = "DalObject", "..\DalObject\DalObject.csproj", "{42D7DC0C-62F7-4DA6-B131-3A1AE5431C94}"
EndProject
Global
	GlobalSection(SolutionConfigurationPlatforms) = preSolution
		Debug|Any CPU = Debug|Any CPU
		Release|Any CPU = Release|Any CPU
	EndGlobalSection
	GlobalSection(ProjectConfigurationPlatforms) = postSolution
		{3AFEFD3E-68DB-4826-9C71-AECC9588CD53}.Debug|Any CPU.ActiveCfg = Debug|Any CPU
		{3AFEFD3E-68DB-4826-9C71-AECC9588CD53}.Debug|Any CPU.Build.0 = Debug|Any CPU
		{3AFEFD3E-68DB-4826-9C71-AECC9588CD53}.Release|Any CPU.ActiveCfg = Release|Any CPU
		{3AFEFD3E-68DB-4826-9C71-AECC9588CD53}.Release|Any CPU.Build.0 = Release|Any CPU
		{C0372BD1-7775-41CA-82F3-07DEFB098064}.Debug|Any CPU.ActiveCfg = Debug|Any CPU
		{C0372BD1-7775-41CA-82F3-07DEFB098064}.Debug|Any CPU.Build.0 = Debug|Any CPU
		{C0372BD1-7775-41CA-82F3-07DEFB098064}.Release|Any CPU.ActiveCfg = Release|Any CPU
		{C0372BD1-7775-41CA-82F3-07DEFB098064}.Release|Any CPU.Build.0 = Release|Any CPU
		{DBCEB20F-2A80-457E-BA35-76755080BD27}.Debug|Any CPU.ActiveCfg = Debug|Any CPU
		{DBCEB20F-2A80-457E-BA35-76755080BD27}.Debug|Any CPU.Build.0 = Debug|Any CPU
		{DBCEB20F-2A80-457E-BA35-76755080BD27}.Release|Any CPU.ActiveCfg = Release|Any CPU
		{DBCEB20F-2A80-457E-BA35-76755080BD27}.Release|Any CPU.Build.0 = Release|Any CPU
		{E8448809-D705-4F67-AE33-E4B6D81CA2BA}.Debug|Any CPU.ActiveCfg = Debug|Any CPU
		{E8448809-D705-4F67-AE33-E4B6D81CA2BA}.Debug|Any CPU.Build.0 = Debug|Any CPU
		{E8448809-D705-4F67-AE33-E4B6D81CA2BA}.Release|Any CPU.ActiveCfg = Release|Any CPU
		{E8448809-D705-4F67-AE33-E4B6D81CA2BA}.Release|Any CPU.Build.0 = Release|Any CPU
		{CA09B0E8-3486-40DC-A691-B6662353FFEC}.Debug|Any CPU.ActiveCfg = Debug|Any CPU
		{CA09B0E8-3486-40DC-A691-B6662353FFEC}.Debug|Any CPU.Build.0 = Debug|Any CPU
		{CA09B0E8-3486-40DC-A691-B6662353FFEC}.Release|Any CPU.ActiveCfg = Release|Any CPU
		{CA09B0E8-3486-40DC-A691-B6662353FFEC}.Release|Any CPU.Build.0 = Release|Any CPU
		{017FFC65-E408-4728-81BC-227673802401}.Debug|Any CPU.ActiveCfg = Debug|Any CPU
		{017FFC65-E408-4728-81BC-227673802401}.Debug|Any CPU.Build.0 = Debug|Any CPU
		{017FFC65-E408-4728-81BC-227673802401}.Release|Any CPU.ActiveCfg = Release|Any CPU
		{017FFC65-E408-4728-81BC-227673802401}.Release|Any CPU.Build.0 = Release|Any CPU
		{D677A770-BEA1-4472-94C8-D1C601F4D432}.Debug|Any CPU.ActiveCfg = Debug|Any CPU
		{D677A770-BEA1-4472-94C8-D1C601F4D432}.Debug|Any CPU.Build.0 = Debug|Any CPU
		{D677A770-BEA1-4472-94C8-D1C601F4D432}.Release|Any CPU.ActiveCfg = Release|Any CPU
		{D677A770-BEA1-4472-94C8-D1C601F4D432}.Release|Any CPU.Build.0 = Release|Any CPU
		{C45B11A0-76E1-4064-BAD6-43CA15B622DD}.Debug|Any CPU.ActiveCfg = Debug|Any CPU
		{C45B11A0-76E1-4064-BAD6-43CA15B622DD}.Debug|Any CPU.Build.0 = Debug|Any CPU
		{C45B11A0-76E1-4064-BAD6-43CA15B622DD}.Release|Any CPU.ActiveCfg = Release|Any CPU
		{C45B11A0-76E1-4064-BAD6-43CA15B622DD}.Release|Any CPU.Build.0 = Release|Any CPU
		{A62693FC-4BC5-4897-B35C-B4D4B917067A}.Debug|Any CPU.ActiveCfg = Debug|Any CPU
		{A62693FC-4BC5-4897-B35C-B4D4B917067A}.Debug|Any CPU.Build.0 = Debug|Any CPU
		{A62693FC-4BC5-4897-B35C-B4D4B917067A}.Release|Any CPU.ActiveCfg = Release|Any CPU
		{A62693FC-4BC5-4897-B35C-B4D4B917067A}.Release|Any CPU.Build.0 = Release|Any CPU
		{42D7DC0C-62F7-4DA6-B131-3A1AE5431C94}.Debug|Any CPU.ActiveCfg = Debug|Any CPU
		{42D7DC0C-62F7-4DA6-B131-3A1AE5431C94}.Debug|Any CPU.Build.0 = Debug|Any CPU
		{42D7DC0C-62F7-4DA6-B131-3A1AE5431C94}.Release|Any CPU.ActiveCfg = Release|Any CPU
		{42D7DC0C-62F7-4DA6-B131-3A1AE5431C94}.Release|Any CPU.Build.0 = Release|Any CPU
	EndGlobalSection
	GlobalSection(SolutionProperties) = preSolution
		HideSolutionNode = FALSE
	EndGlobalSection
	GlobalSection(ExtensibilityGlobals) = postSolution
		SolutionGuid = {6DDFE4DD-B91A-40B0-9829-52B83353A918}
	EndGlobalSection
EndGlobal
