
Microsoft Visual Studio Solution File, Format Version 12.00
# Visual Studio Version 16
VisualStudioVersion = 16.0.30611.23
MinimumVisualStudioVersion = 10.0.40219.1
Project("{FAE04EC0-301F-11D3-BF4B-00C04F79EFBC}") = "dotNet5781_00_9047_4960", "dotNet5781_00_9047_4960\dotNet5781_00_9047_4960.csproj", "{3AFEFD3E-68DB-4826-9C71-AECC9588CD53}"
EndProject
Project("{FAE04EC0-301F-11D3-BF4B-00C04F79EFBC}") = "dotNet5781_01_9047_4960", "..\dotNet5781_01_9047_4960\dotNet5781_01_9047_4960.csproj", "{C0372BD1-7775-41CA-82F3-07DEFB098064}"
EndProject
Project("{FAE04EC0-301F-11D3-BF4B-00C04F79EFBC}") = "dotNet5781_02_9047_4960", "..\dotNet5781_02_9047_4960\dotNet5781_02_9047_4960.csproj", "{DBCEB20F-2A80-457E-BA35-76755080BD27}"
EndProject
Global
	GlobalSection(SolutionConfigurationPlatforms) = preSolution
		Debug|Any CPU = Debug|Any CPU
		Release|Any CPU = Release|Any CPU
	EndGlobalSection
	GlobalSection(ProjectConfigurationPlatforms) = postSolution
		{3AFEFD3E-68DB-4826-9C71-AECC9588CD53}.Debug|Any CPU.ActiveCfg = Debug|Any CPU
		{3AFEFD3E-68DB-4826-9C71-AECC9588CD53}.Debug|Any CPU.Build.0 = Debug|Any CPU
		{3AFEFD3E-68DB-4826-9C71-AECC9588CD53}.Release|Any CPU.ActiveCfg = Release|Any CPU
		{3AFEFD3E-68DB-4826-9C71-AECC9588CD53}.Release|Any CPU.Build.0 = Release|Any CPU
		{C0372BD1-7775-41CA-82F3-07DEFB098064}.Debug|Any CPU.ActiveCfg = Debug|Any CPU
		{C0372BD1-7775-41CA-82F3-07DEFB098064}.Debug|Any CPU.Build.0 = Debug|Any CPU
		{C0372BD1-7775-41CA-82F3-07DEFB098064}.Release|Any CPU.ActiveCfg = Release|Any CPU
		{C0372BD1-7775-41CA-82F3-07DEFB098064}.Release|Any CPU.Build.0 = Release|Any CPU
		{DBCEB20F-2A80-457E-BA35-76755080BD27}.Debug|Any CPU.ActiveCfg = Debug|Any CPU
		{DBCEB20F-2A80-457E-BA35-76755080BD27}.Debug|Any CPU.Build.0 = Debug|Any CPU
		{DBCEB20F-2A80-457E-BA35-76755080BD27}.Release|Any CPU.ActiveCfg = Release|Any CPU
		{DBCEB20F-2A80-457E-BA35-76755080BD27}.Release|Any CPU.Build.0 = Release|Any CPU
	EndGlobalSection
	GlobalSection(SolutionProperties) = preSolution
		HideSolutionNode = FALSE
	EndGlobalSection
	GlobalSection(ExtensibilityGlobals) = postSolution
		SolutionGuid = {6DDFE4DD-B91A-40B0-9829-52B83353A918}
	EndGlobalSection
EndGlobal
